// !$*UTF8*$!
{
	archiveVersion = 1;
	classes = {
	};
	objectVersion = 46;
	objects = {

/* Begin PBXBuildFile section */
		D56CA4B416F04581008A31EB /* UIKit.framework in Frameworks */ = {isa = PBXBuildFile; fileRef = D56CA4B316F04581008A31EB /* UIKit.framework */; };
		D56CA4B616F04581008A31EB /* Foundation.framework in Frameworks */ = {isa = PBXBuildFile; fileRef = D56CA4B516F04581008A31EB /* Foundation.framework */; };
		D56CA4B816F04581008A31EB /* CoreGraphics.framework in Frameworks */ = {isa = PBXBuildFile; fileRef = D56CA4B716F04581008A31EB /* CoreGraphics.framework */; };
		D56CA4BE16F04581008A31EB /* InfoPlist.strings in Resources */ = {isa = PBXBuildFile; fileRef = D56CA4BC16F04581008A31EB /* InfoPlist.strings */; };
		D56CA4C016F04581008A31EB /* main.m in Sources */ = {isa = PBXBuildFile; fileRef = D56CA4BF16F04581008A31EB /* main.m */; };
		D56CA4C416F04581008A31EB /* AppDelegate.m in Sources */ = {isa = PBXBuildFile; fileRef = D56CA4C316F04581008A31EB /* AppDelegate.m */; };
		D56CA4C616F04581008A31EB /* Default.png in Resources */ = {isa = PBXBuildFile; fileRef = D56CA4C516F04581008A31EB /* Default.png */; };
		D56CA4C816F04581008A31EB /* Default@2x.png in Resources */ = {isa = PBXBuildFile; fileRef = D56CA4C716F04581008A31EB /* Default@2x.png */; };
		D56CA4CA16F04581008A31EB /* Default-568h@2x.png in Resources */ = {isa = PBXBuildFile; fileRef = D56CA4C916F04581008A31EB /* Default-568h@2x.png */; };
		D56CA4D316F045A0008A31EB /* ASADeepDictionary.m in Sources */ = {isa = PBXBuildFile; fileRef = D56CA4D216F045A0008A31EB /* ASADeepDictionary.m */; };
		D56CA4D516F045CF008A31EB /* JSONDataExample.json in Resources */ = {isa = PBXBuildFile; fileRef = D56CA4D416F045CF008A31EB /* JSONDataExample.json */; };
/* End PBXBuildFile section */

/* Begin PBXFileReference section */
		D56CA4B016F04581008A31EB /* ASADeepDictionary.app */ = {isa = PBXFileReference; explicitFileType = wrapper.application; includeInIndex = 0; path = ASADeepDictionary.app; sourceTree = BUILT_PRODUCTS_DIR; };
		D56CA4B316F04581008A31EB /* UIKit.framework */ = {isa = PBXFileReference; lastKnownFileType = wrapper.framework; name = UIKit.framework; path = System/Library/Frameworks/UIKit.framework; sourceTree = SDKROOT; };
		D56CA4B516F04581008A31EB /* Foundation.framework */ = {isa = PBXFileReference; lastKnownFileType = wrapper.framework; name = Foundation.framework; path = System/Library/Frameworks/Foundation.framework; sourceTree = SDKROOT; };
		D56CA4B716F04581008A31EB /* CoreGraphics.framework */ = {isa = PBXFileReference; lastKnownFileType = wrapper.framework; name = CoreGraphics.framework; path = System/Library/Frameworks/CoreGraphics.framework; sourceTree = SDKROOT; };
		D56CA4BB16F04581008A31EB /* ASADeepDictionary-Info.plist */ = {isa = PBXFileReference; lastKnownFileType = text.plist.xml; path = "ASADeepDictionary-Info.plist"; sourceTree = "<group>"; };
		D56CA4BD16F04581008A31EB /* en */ = {isa = PBXFileReference; lastKnownFileType = text.plist.strings; name = en; path = en.lproj/InfoPlist.strings; sourceTree = "<group>"; };
		D56CA4BF16F04581008A31EB /* main.m */ = {isa = PBXFileReference; lastKnownFileType = sourcecode.c.objc; path = main.m; sourceTree = "<group>"; };
		D56CA4C116F04581008A31EB /* ASADeepDictionary-Prefix.pch */ = {isa = PBXFileReference; lastKnownFileType = sourcecode.c.h; path = "ASADeepDictionary-Prefix.pch"; sourceTree = "<group>"; };
		D56CA4C216F04581008A31EB /* AppDelegate.h */ = {isa = PBXFileReference; lastKnownFileType = sourcecode.c.h; path = AppDelegate.h; sourceTree = "<group>"; };
		D56CA4C316F04581008A31EB /* AppDelegate.m */ = {isa = PBXFileReference; lastKnownFileType = sourcecode.c.objc; path = AppDelegate.m; sourceTree = "<group>"; };
		D56CA4C516F04581008A31EB /* Default.png */ = {isa = PBXFileReference; lastKnownFileType = image.png; path = Default.png; sourceTree = "<group>"; };
		D56CA4C716F04581008A31EB /* Default@2x.png */ = {isa = PBXFileReference; lastKnownFileType = image.png; path = "Default@2x.png"; sourceTree = "<group>"; };
		D56CA4C916F04581008A31EB /* Default-568h@2x.png */ = {isa = PBXFileReference; lastKnownFileType = image.png; path = "Default-568h@2x.png"; sourceTree = "<group>"; };
		D56CA4D116F045A0008A31EB /* ASADeepDictionary.h */ = {isa = PBXFileReference; fileEncoding = 4; lastKnownFileType = sourcecode.c.h; path = ASADeepDictionary.h; sourceTree = "<group>"; };
		D56CA4D216F045A0008A31EB /* ASADeepDictionary.m */ = {isa = PBXFileReference; fileEncoding = 4; lastKnownFileType = sourcecode.c.objc; path = ASADeepDictionary.m; sourceTree = "<group>"; };
		D56CA4D416F045CF008A31EB /* JSONDataExample.json */ = {isa = PBXFileReference; fileEncoding = 4; lastKnownFileType = text.json; path = JSONDataExample.json; sourceTree = "<group>"; };
/* End PBXFileReference section */

/* Begin PBXFrameworksBuildPhase section */
		D56CA4AD16F04581008A31EB /* Frameworks */ = {
			isa = PBXFrameworksBuildPhase;
			buildActionMask = 2147483647;
			files = (
				D56CA4B416F04581008A31EB /* UIKit.framework in Frameworks */,
				D56CA4B616F04581008A31EB /* Foundation.framework in Frameworks */,
				D56CA4B816F04581008A31EB /* CoreGraphics.framework in Frameworks */,
			);
			runOnlyForDeploymentPostprocessing = 0;
		};
/* End PBXFrameworksBuildPhase section */

/* Begin PBXGroup section */
		D56CA4A716F04581008A31EB = {
			isa = PBXGroup;
			children = (
				D56CA4D416F045CF008A31EB /* JSONDataExample.json */,
				D56CA4D016F0458C008A31EB /* ASADeepDictionary */,
				D56CA4B916F04581008A31EB /* ASADeepDictionary */,
				D56CA4B216F04581008A31EB /* Frameworks */,
				D56CA4B116F04581008A31EB /* Products */,
			);
			sourceTree = "<group>";
		};
		D56CA4B116F04581008A31EB /* Products */ = {
			isa = PBXGroup;
			children = (
				D56CA4B016F04581008A31EB /* ASADeepDictionary.app */,
			);
			name = Products;
			sourceTree = "<group>";
		};
		D56CA4B216F04581008A31EB /* Frameworks */ = {
			isa = PBXGroup;
			children = (
				D56CA4B316F04581008A31EB /* UIKit.framework */,
				D56CA4B516F04581008A31EB /* Foundation.framework */,
				D56CA4B716F04581008A31EB /* CoreGraphics.framework */,
			);
			name = Frameworks;
			sourceTree = "<group>";
		};
		D56CA4B916F04581008A31EB /* ASADeepDictionary */ = {
			isa = PBXGroup;
			children = (
				D56CA4C216F04581008A31EB /* AppDelegate.h */,
				D56CA4C316F04581008A31EB /* AppDelegate.m */,
				D56CA4BA16F04581008A31EB /* Supporting Files */,
			);
			path = ASADeepDictionary;
			sourceTree = "<group>";
		};
		D56CA4BA16F04581008A31EB /* Supporting Files */ = {
			isa = PBXGroup;
			children = (
				D56CA4BB16F04581008A31EB /* ASADeepDictionary-Info.plist */,
				D56CA4BC16F04581008A31EB /* InfoPlist.strings */,
				D56CA4BF16F04581008A31EB /* main.m */,
				D56CA4C116F04581008A31EB /* ASADeepDictionary-Prefix.pch */,
				D56CA4C516F04581008A31EB /* Default.png */,
				D56CA4C716F04581008A31EB /* Default@2x.png */,
				D56CA4C916F04581008A31EB /* Default-568h@2x.png */,
			);
			name = "Supporting Files";
			sourceTree = "<group>";
		};
		D56CA4D016F0458C008A31EB /* ASADeepDictionary */ = {
			isa = PBXGroup;
			children = (
				D56CA4D116F045A0008A31EB /* ASADeepDictionary.h */,
				D56CA4D216F045A0008A31EB /* ASADeepDictionary.m */,
			);
			name = ASADeepDictionary;
			sourceTree = "<group>";
		};
/* End PBXGroup section */

/* Begin PBXNativeTarget section */
		D56CA4AF16F04581008A31EB /* ASADeepDictionary */ = {
			isa = PBXNativeTarget;
			buildConfigurationList = D56CA4CD16F04581008A31EB /* Build configuration list for PBXNativeTarget "ASADeepDictionary" */;
			buildPhases = (
				D56CA4AC16F04581008A31EB /* Sources */,
				D56CA4AD16F04581008A31EB /* Frameworks */,
				D56CA4AE16F04581008A31EB /* Resources */,
			);
			buildRules = (
			);
			dependencies = (
			);
			name = ASADeepDictionary;
			productName = ASADeepDictionary;
			productReference = D56CA4B016F04581008A31EB /* ASADeepDictionary.app */;
			productType = "com.apple.product-type.application";
		};
/* End PBXNativeTarget section */

/* Begin PBXProject section */
		D56CA4A816F04581008A31EB /* Project object */ = {
			isa = PBXProject;
			attributes = {
				LastUpgradeCheck = 0460;
				ORGANIZATIONNAME = AndrewShmig;
			};
			buildConfigurationList = D56CA4AB16F04581008A31EB /* Build configuration list for PBXProject "ASADeepDictionary" */;
			compatibilityVersion = "Xcode 3.2";
			developmentRegion = English;
			hasScannedForEncodings = 0;
			knownRegions = (
				en,
			);
			mainGroup = D56CA4A716F04581008A31EB;
			productRefGroup = D56CA4B116F04581008A31EB /* Products */;
			projectDirPath = "";
			projectRoot = "";
			targets = (
				D56CA4AF16F04581008A31EB /* ASADeepDictionary */,
			);
		};
/* End PBXProject section */

/* Begin PBXResourcesBuildPhase section */
		D56CA4AE16F04581008A31EB /* Resources */ = {
			isa = PBXResourcesBuildPhase;
			buildActionMask = 2147483647;
			files = (
				D56CA4BE16F04581008A31EB /* InfoPlist.strings in Resources */,
				D56CA4C616F04581008A31EB /* Default.png in Resources */,
				D56CA4C816F04581008A31EB /* Default@2x.png in Resources */,
				D56CA4CA16F04581008A31EB /* Default-568h@2x.png in Resources */,
				D56CA4D516F045CF008A31EB /* JSONDataExample.json in Resources */,
			);
			runOnlyForDeploymentPostprocessing = 0;
		};
/* End PBXResourcesBuildPhase section */

/* Begin PBXSourcesBuildPhase section */
		D56CA4AC16F04581008A31EB /* Sources */ = {
			isa = PBXSourcesBuildPhase;
			buildActionMask = 2147483647;
			files = (
				D56CA4C016F04581008A31EB /* main.m in Sources */,
				D56CA4C416F04581008A31EB /* AppDelegate.m in Sources */,
				D56CA4D316F045A0008A31EB /* ASADeepDictionary.m in Sources */,
			);
			runOnlyForDeploymentPostprocessing = 0;
		};
/* End PBXSourcesBuildPhase section */

/* Begin PBXVariantGroup section */
		D56CA4BC16F04581008A31EB /* InfoPlist.strings */ = {
			isa = PBXVariantGroup;
			children = (
				D56CA4BD16F04581008A31EB /* en */,
			);
			name = InfoPlist.strings;
			sourceTree = "<group>";
		};
/* End PBXVariantGroup section */

/* Begin XCBuildConfiguration section */
		D56CA4CB16F04581008A31EB /* Debug */ = {
			isa = XCBuildConfiguration;
			buildSettings = {
				ALWAYS_SEARCH_USER_PATHS = NO;
				CLANG_CXX_LANGUAGE_STANDARD = "gnu++0x";
				CLANG_CXX_LIBRARY = "libc++";
				CLANG_WARN_CONSTANT_CONVERSION = YES;
				CLANG_WARN_EMPTY_BODY = YES;
				CLANG_WARN_ENUM_CONVERSION = YES;
				CLANG_WARN_INT_CONVERSION = YES;
				CLANG_WARN__DUPLICATE_METHOD_MATCH = YES;
				"CODE_SIGN_IDENTITY[sdk=iphoneos*]" = "iPhone Developer";
				COPY_PHASE_STRIP = NO;
				GCC_C_LANGUAGE_STANDARD = gnu99;
				GCC_DYNAMIC_NO_PIC = NO;
				GCC_OPTIMIZATION_LEVEL = 0;
				GCC_PREPROCESSOR_DEFINITIONS = (
					"DEBUG=1",
					"$(inherited)",
				);
				GCC_SYMBOLS_PRIVATE_EXTERN = NO;
				GCC_WARN_ABOUT_RETURN_TYPE = YES;
				GCC_WARN_UNINITIALIZED_AUTOS = YES;
				GCC_WARN_UNUSED_VARIABLE = YES;
				IPHONEOS_DEPLOYMENT_TARGET = 6.1;
				ONLY_ACTIVE_ARCH = YES;
				SDKROOT = iphoneos;
			};
			name = Debug;
		};
		D56CA4CC16F04581008A31EB /* Release */ = {
			isa = XCBuildConfiguration;
			buildSettings = {
				ALWAYS_SEARCH_USER_PATHS = NO;
				CLANG_CXX_LANGUAGE_STANDARD = "gnu++0x";
				CLANG_CXX_LIBRARY = "libc++";
				CLANG_WARN_CONSTANT_CONVERSION = YES;
				CLANG_WARN_EMPTY_BODY = YES;
				CLANG_WARN_ENUM_CONVERSION = YES;
				CLANG_WARN_INT_CONVERSION = YES;
				CLANG_WARN__DUPLICATE_METHOD_MATCH = YES;
				"CODE_SIGN_IDENTITY[sdk=iphoneos*]" = "iPhone Developer";
				COPY_PHASE_STRIP = YES;
				GCC_C_LANGUAGE_STANDARD = gnu99;
				GCC_WARN_ABOUT_RETURN_TYPE = YES;
				GCC_WARN_UNINITIALIZED_AUTOS = YES;
				GCC_WARN_UNUSED_VARIABLE = YES;
				IPHONEOS_DEPLOYMENT_TARGET = 6.1;
				OTHER_CFLAGS = "-DNS_BLOCK_ASSERTIONS=1";
				SDKROOT = iphoneos;
				VALIDATE_PRODUCT = YES;
			};
			name = Release;
		};
		D56CA4CE16F04581008A31EB /* Debug */ = {
			isa = XCBuildConfiguration;
			buildSettings = {
				GCC_PRECOMPILE_PREFIX_HEADER = YES;
				GCC_PREFIX_HEADER = "ASADeepDictionary/ASADeepDictionary-Prefix.pch";
				INFOPLIST_FILE = "ASADeepDictionary/ASADeepDictionary-Info.plist";
				PRODUCT_NAME = "$(TARGET_NAME)";
				WRAPPER_EXTENSION = app;
			};
			name = Debug;
		};
		D56CA4CF16F04581008A31EB /* Release */ = {
			isa = XCBuildConfiguration;
			buildSettings = {
				GCC_PRECOMPILE_PREFIX_HEADER = YES;
				GCC_PREFIX_HEADER = "ASADeepDictionary/ASADeepDictionary-Prefix.pch";
				INFOPLIST_FILE = "ASADeepDictionary/ASADeepDictionary-Info.plist";
				PRODUCT_NAME = "$(TARGET_NAME)";
				WRAPPER_EXTENSION = app;
			};
			name = Release;
		};
/* End XCBuildConfiguration section */

/* Begin XCConfigurationList section */
		D56CA4AB16F04581008A31EB /* Build configuration list for PBXProject "ASADeepDictionary" */ = {
			isa = XCConfigurationList;
			buildConfigurations = (
				D56CA4CB16F04581008A31EB /* Debug */,
				D56CA4CC16F04581008A31EB /* Release */,
			);
			defaultConfigurationIsVisible = 0;
			defaultConfigurationName = Release;
		};
		D56CA4CD16F04581008A31EB /* Build configuration list for PBXNativeTarget "ASADeepDictionary" */ = {
			isa = XCConfigurationList;
			buildConfigurations = (
				D56CA4CE16F04581008A31EB /* Debug */,
				D56CA4CF16F04581008A31EB /* Release */,
			);
			defaultConfigurationIsVisible = 0;
		};
/* End XCConfigurationList section */
	};
	rootObject = D56CA4A816F04581008A31EB /* Project object */;
}
